// !$*UTF8*$!
{
	archiveVersion = 1;
	classes = {
	};
	objectVersion = 56;
	objects = {

/* Begin PBXBuildFile section */
		621F42542AF92A4E009AF335 /* UITableViewCellExt.swift in Sources */ = {isa = PBXBuildFile; fileRef = 621F42532AF92A4E009AF335 /* UITableViewCellExt.swift */; };
		6283EE242AF2FCF200A8A5C2 /* AppDelegate.swift in Sources */ = {isa = PBXBuildFile; fileRef = 6283EE232AF2FCF200A8A5C2 /* AppDelegate.swift */; };
		6283EE262AF2FCF200A8A5C2 /* SceneDelegate.swift in Sources */ = {isa = PBXBuildFile; fileRef = 6283EE252AF2FCF200A8A5C2 /* SceneDelegate.swift */; };
		6283EE2D2AF2FD0500A8A5C2 /* Assets.xcassets in Resources */ = {isa = PBXBuildFile; fileRef = 6283EE2C2AF2FD0500A8A5C2 /* Assets.xcassets */; };
		6283EE302AF2FD0500A8A5C2 /* LaunchScreen.storyboard in Resources */ = {isa = PBXBuildFile; fileRef = 6283EE2E2AF2FD0500A8A5C2 /* LaunchScreen.storyboard */; };
		6283EE402AF2FE9A00A8A5C2 /* StorageManager.swift in Sources */ = {isa = PBXBuildFile; fileRef = 6283EE3F2AF2FE9A00A8A5C2 /* StorageManager.swift */; };
		6283EE422AF2FEB500A8A5C2 /* TasksListModel.swift in Sources */ = {isa = PBXBuildFile; fileRef = 6283EE412AF2FEB500A8A5C2 /* TasksListModel.swift */; };
		6283EE442AF2FEC300A8A5C2 /* ListModel.swift in Sources */ = {isa = PBXBuildFile; fileRef = 6283EE432AF2FEC300A8A5C2 /* ListModel.swift */; };
		6283EE462AF2FEF000A8A5C2 /* TasksListTVC.swift in Sources */ = {isa = PBXBuildFile; fileRef = 6283EE452AF2FEF000A8A5C2 /* TasksListTVC.swift */; };
		6283EE482AF2FF0200A8A5C2 /* TasksTVC.swift in Sources */ = {isa = PBXBuildFile; fileRef = 6283EE472AF2FF0200A8A5C2 /* TasksTVC.swift */; };
		6283EE4A2AF2FF4000A8A5C2 /* Main.storyboard in Resources */ = {isa = PBXBuildFile; fileRef = 6283EE492AF2FF4000A8A5C2 /* Main.storyboard */; };
		6283EE4D2AF3011800A8A5C2 /* Realm in Frameworks */ = {isa = PBXBuildFile; productRef = 6283EE4C2AF3011800A8A5C2 /* Realm */; };
		6283EE4F2AF3011800A8A5C2 /* RealmSwift in Frameworks */ = {isa = PBXBuildFile; productRef = 6283EE4E2AF3011800A8A5C2 /* RealmSwift */; };
/* End PBXBuildFile section */

/* Begin PBXFileReference section */
		621F42532AF92A4E009AF335 /* UITableViewCellExt.swift */ = {isa = PBXFileReference; fileEncoding = 4; lastKnownFileType = sourcecode.swift; path = UITableViewCellExt.swift; sourceTree = "<group>"; };
		6283EE202AF2FCF200A8A5C2 /* RealmDB.app */ = {isa = PBXFileReference; explicitFileType = wrapper.application; includeInIndex = 0; path = RealmDB.app; sourceTree = BUILT_PRODUCTS_DIR; };
		6283EE232AF2FCF200A8A5C2 /* AppDelegate.swift */ = {isa = PBXFileReference; lastKnownFileType = sourcecode.swift; path = AppDelegate.swift; sourceTree = "<group>"; };
		6283EE252AF2FCF200A8A5C2 /* SceneDelegate.swift */ = {isa = PBXFileReference; lastKnownFileType = sourcecode.swift; path = SceneDelegate.swift; sourceTree = "<group>"; };
		6283EE2C2AF2FD0500A8A5C2 /* Assets.xcassets */ = {isa = PBXFileReference; lastKnownFileType = folder.assetcatalog; path = Assets.xcassets; sourceTree = "<group>"; };
		6283EE2F2AF2FD0500A8A5C2 /* Base */ = {isa = PBXFileReference; lastKnownFileType = file.storyboard; name = Base; path = Base.lproj/LaunchScreen.storyboard; sourceTree = "<group>"; };
		6283EE312AF2FD0500A8A5C2 /* Info.plist */ = {isa = PBXFileReference; lastKnownFileType = text.plist.xml; path = Info.plist; sourceTree = "<group>"; };
		6283EE3F2AF2FE9A00A8A5C2 /* StorageManager.swift */ = {isa = PBXFileReference; lastKnownFileType = sourcecode.swift; path = StorageManager.swift; sourceTree = "<group>"; };
		6283EE412AF2FEB500A8A5C2 /* TasksListModel.swift */ = {isa = PBXFileReference; lastKnownFileType = sourcecode.swift; path = TasksListModel.swift; sourceTree = "<group>"; };
		6283EE432AF2FEC300A8A5C2 /* ListModel.swift */ = {isa = PBXFileReference; lastKnownFileType = sourcecode.swift; path = ListModel.swift; sourceTree = "<group>"; };
		6283EE452AF2FEF000A8A5C2 /* TasksListTVC.swift */ = {isa = PBXFileReference; lastKnownFileType = sourcecode.swift; path = TasksListTVC.swift; sourceTree = "<group>"; };
		6283EE472AF2FF0200A8A5C2 /* TasksTVC.swift */ = {isa = PBXFileReference; lastKnownFileType = sourcecode.swift; path = TasksTVC.swift; sourceTree = "<group>"; };
		6283EE492AF2FF4000A8A5C2 /* Main.storyboard */ = {isa = PBXFileReference; fileEncoding = 4; lastKnownFileType = file.storyboard; path = Main.storyboard; sourceTree = "<group>"; };
/* End PBXFileReference section */

/* Begin PBXFrameworksBuildPhase section */
		6283EE1D2AF2FCF200A8A5C2 /* Frameworks */ = {
			isa = PBXFrameworksBuildPhase;
			buildActionMask = 2147483647;
			files = (
				6283EE4F2AF3011800A8A5C2 /* RealmSwift in Frameworks */,
				6283EE4D2AF3011800A8A5C2 /* Realm in Frameworks */,
			);
			runOnlyForDeploymentPostprocessing = 0;
		};
/* End PBXFrameworksBuildPhase section */

/* Begin PBXGroup section */
		6283EE172AF2FCF200A8A5C2 = {
			isa = PBXGroup;
			children = (
				6283EE222AF2FCF200A8A5C2 /* RealmDB */,
				6283EE212AF2FCF200A8A5C2 /* Products */,
			);
			sourceTree = "<group>";
		};
		6283EE212AF2FCF200A8A5C2 /* Products */ = {
			isa = PBXGroup;
			children = (
				6283EE202AF2FCF200A8A5C2 /* RealmDB.app */,
			);
			name = Products;
			sourceTree = "<group>";
		};
		6283EE222AF2FCF200A8A5C2 /* RealmDB */ = {
			isa = PBXGroup;
			children = (
				6283EE372AF2FD4200A8A5C2 /* Application */,
				6283EE382AF2FD4F00A8A5C2 /* Extensions */,
				6283EE392AF2FD5B00A8A5C2 /* Managers */,
				6283EE3A2AF2FD6400A8A5C2 /* Models */,
				6283EE3B2AF2FD6E00A8A5C2 /* Views */,
				6283EE3C2AF2FD7500A8A5C2 /* Controllers */,
				6283EE3E2AF2FDE300A8A5C2 /* Resources */,
			);
			path = RealmDB;
			sourceTree = "<group>";
		};
		6283EE372AF2FD4200A8A5C2 /* Application */ = {
			isa = PBXGroup;
			children = (
				6283EE3D2AF2FD8200A8A5C2 /* Delegates */,
				6283EE312AF2FD0500A8A5C2 /* Info.plist */,
			);
			path = Application;
			sourceTree = "<group>";
		};
		6283EE382AF2FD4F00A8A5C2 /* Extensions */ = {
			isa = PBXGroup;
			children = (
				621F42532AF92A4E009AF335 /* UITableViewCellExt.swift */,
			);
			path = Extensions;
			sourceTree = "<group>";
		};
		6283EE392AF2FD5B00A8A5C2 /* Managers */ = {
			isa = PBXGroup;
			children = (
				6283EE3F2AF2FE9A00A8A5C2 /* StorageManager.swift */,
			);
			path = Managers;
			sourceTree = "<group>";
		};
		6283EE3A2AF2FD6400A8A5C2 /* Models */ = {
			isa = PBXGroup;
			children = (
				6283EE412AF2FEB500A8A5C2 /* TasksListModel.swift */,
				6283EE432AF2FEC300A8A5C2 /* ListModel.swift */,
			);
			path = Models;
			sourceTree = "<group>";
		};
		6283EE3B2AF2FD6E00A8A5C2 /* Views */ = {
			isa = PBXGroup;
			children = (
				6283EE492AF2FF4000A8A5C2 /* Main.storyboard */,
				6283EE2E2AF2FD0500A8A5C2 /* LaunchScreen.storyboard */,
			);
			path = Views;
			sourceTree = "<group>";
		};
		6283EE3C2AF2FD7500A8A5C2 /* Controllers */ = {
			isa = PBXGroup;
			children = (
				6283EE452AF2FEF000A8A5C2 /* TasksListTVC.swift */,
				6283EE472AF2FF0200A8A5C2 /* TasksTVC.swift */,
			);
			path = Controllers;
			sourceTree = "<group>";
		};
		6283EE3D2AF2FD8200A8A5C2 /* Delegates */ = {
			isa = PBXGroup;
			children = (
				6283EE232AF2FCF200A8A5C2 /* AppDelegate.swift */,
				6283EE252AF2FCF200A8A5C2 /* SceneDelegate.swift */,
			);
			path = Delegates;
			sourceTree = "<group>";
		};
		6283EE3E2AF2FDE300A8A5C2 /* Resources */ = {
			isa = PBXGroup;
			children = (
				6283EE2C2AF2FD0500A8A5C2 /* Assets.xcassets */,
			);
			path = Resources;
			sourceTree = "<group>";
		};
/* End PBXGroup section */

/* Begin PBXNativeTarget section */
		6283EE1F2AF2FCF200A8A5C2 /* RealmDB */ = {
			isa = PBXNativeTarget;
			buildConfigurationList = 6283EE342AF2FD0500A8A5C2 /* Build configuration list for PBXNativeTarget "RealmDB" */;
			buildPhases = (
				6283EE1C2AF2FCF200A8A5C2 /* Sources */,
				6283EE1D2AF2FCF200A8A5C2 /* Frameworks */,
				6283EE1E2AF2FCF200A8A5C2 /* Resources */,
			);
			buildRules = (
			);
			dependencies = (
			);
			name = RealmDB;
			packageProductDependencies = (
				6283EE4C2AF3011800A8A5C2 /* Realm */,
				6283EE4E2AF3011800A8A5C2 /* RealmSwift */,
			);
			productName = RealmDB;
			productReference = 6283EE202AF2FCF200A8A5C2 /* RealmDB.app */;
			productType = "com.apple.product-type.application";
		};
/* End PBXNativeTarget section */

/* Begin PBXProject section */
		6283EE182AF2FCF200A8A5C2 /* Project object */ = {
			isa = PBXProject;
			attributes = {
				BuildIndependentTargetsInParallel = 1;
				LastSwiftUpdateCheck = 1500;
				LastUpgradeCheck = 1500;
				TargetAttributes = {
					6283EE1F2AF2FCF200A8A5C2 = {
						CreatedOnToolsVersion = 15.0;
					};
				};
			};
			buildConfigurationList = 6283EE1B2AF2FCF200A8A5C2 /* Build configuration list for PBXProject "RealmDB" */;
			compatibilityVersion = "Xcode 14.0";
			developmentRegion = en;
			hasScannedForEncodings = 0;
			knownRegions = (
				en,
				Base,
			);
			mainGroup = 6283EE172AF2FCF200A8A5C2;
			packageReferences = (
				6283EE4B2AF3011800A8A5C2 /* XCRemoteSwiftPackageReference "realm-swift" */,
			);
			productRefGroup = 6283EE212AF2FCF200A8A5C2 /* Products */;
			projectDirPath = "";
			projectRoot = "";
			targets = (
				6283EE1F2AF2FCF200A8A5C2 /* RealmDB */,
			);
		};
/* End PBXProject section */

/* Begin PBXResourcesBuildPhase section */
		6283EE1E2AF2FCF200A8A5C2 /* Resources */ = {
			isa = PBXResourcesBuildPhase;
			buildActionMask = 2147483647;
			files = (
				6283EE4A2AF2FF4000A8A5C2 /* Main.storyboard in Resources */,
				6283EE302AF2FD0500A8A5C2 /* LaunchScreen.storyboard in Resources */,
				6283EE2D2AF2FD0500A8A5C2 /* Assets.xcassets in Resources */,
			);
			runOnlyForDeploymentPostprocessing = 0;
		};
/* End PBXResourcesBuildPhase section */

/* Begin PBXSourcesBuildPhase section */
		6283EE1C2AF2FCF200A8A5C2 /* Sources */ = {
			isa = PBXSourcesBuildPhase;
			buildActionMask = 2147483647;
			files = (
				6283EE402AF2FE9A00A8A5C2 /* StorageManager.swift in Sources */,
				6283EE242AF2FCF200A8A5C2 /* AppDelegate.swift in Sources */,
				6283EE482AF2FF0200A8A5C2 /* TasksTVC.swift in Sources */,
				6283EE422AF2FEB500A8A5C2 /* TasksListModel.swift in Sources */,
				6283EE262AF2FCF200A8A5C2 /* SceneDelegate.swift in Sources */,
				621F42542AF92A4E009AF335 /* UITableViewCellExt.swift in Sources */,
				6283EE462AF2FEF000A8A5C2 /* TasksListTVC.swift in Sources */,
				6283EE442AF2FEC300A8A5C2 /* ListModel.swift in Sources */,
			);
			runOnlyForDeploymentPostprocessing = 0;
		};
/* End PBXSourcesBuildPhase section */

/* Begin PBXVariantGroup section */
		6283EE2E2AF2FD0500A8A5C2 /* LaunchScreen.storyboard */ = {
			isa = PBXVariantGroup;
			children = (
				6283EE2F2AF2FD0500A8A5C2 /* Base */,
			);
			name = LaunchScreen.storyboard;
			sourceTree = "<group>";
		};
/* End PBXVariantGroup section */

/* Begin XCBuildConfiguration section */
		6283EE322AF2FD0500A8A5C2 /* Debug */ = {
			isa = XCBuildConfiguration;
			buildSettings = {
				ALWAYS_SEARCH_USER_PATHS = NO;
				ASSETCATALOG_COMPILER_GENERATE_SWIFT_ASSET_SYMBOL_EXTENSIONS = YES;
				CLANG_ANALYZER_NONNULL = YES;
				CLANG_ANALYZER_NUMBER_OBJECT_CONVERSION = YES_AGGRESSIVE;
				CLANG_CXX_LANGUAGE_STANDARD = "gnu++20";
				CLANG_ENABLE_MODULES = YES;
				CLANG_ENABLE_OBJC_ARC = YES;
				CLANG_ENABLE_OBJC_WEAK = YES;
				CLANG_WARN_BLOCK_CAPTURE_AUTORELEASING = YES;
				CLANG_WARN_BOOL_CONVERSION = YES;
				CLANG_WARN_COMMA = YES;
				CLANG_WARN_CONSTANT_CONVERSION = YES;
				CLANG_WARN_DEPRECATED_OBJC_IMPLEMENTATIONS = YES;
				CLANG_WARN_DIRECT_OBJC_ISA_USAGE = YES_ERROR;
				CLANG_WARN_DOCUMENTATION_COMMENTS = YES;
				CLANG_WARN_EMPTY_BODY = YES;
				CLANG_WARN_ENUM_CONVERSION = YES;
				CLANG_WARN_INFINITE_RECURSION = YES;
				CLANG_WARN_INT_CONVERSION = YES;
				CLANG_WARN_NON_LITERAL_NULL_CONVERSION = YES;
				CLANG_WARN_OBJC_IMPLICIT_RETAIN_SELF = YES;
				CLANG_WARN_OBJC_LITERAL_CONVERSION = YES;
				CLANG_WARN_OBJC_ROOT_CLASS = YES_ERROR;
				CLANG_WARN_QUOTED_INCLUDE_IN_FRAMEWORK_HEADER = YES;
				CLANG_WARN_RANGE_LOOP_ANALYSIS = YES;
				CLANG_WARN_STRICT_PROTOTYPES = YES;
				CLANG_WARN_SUSPICIOUS_MOVE = YES;
				CLANG_WARN_UNGUARDED_AVAILABILITY = YES_AGGRESSIVE;
				CLANG_WARN_UNREACHABLE_CODE = YES;
				CLANG_WARN__DUPLICATE_METHOD_MATCH = YES;
				COPY_PHASE_STRIP = NO;
				DEBUG_INFORMATION_FORMAT = dwarf;
				ENABLE_STRICT_OBJC_MSGSEND = YES;
				ENABLE_TESTABILITY = YES;
				ENABLE_USER_SCRIPT_SANDBOXING = YES;
				GCC_C_LANGUAGE_STANDARD = gnu17;
				GCC_DYNAMIC_NO_PIC = NO;
				GCC_NO_COMMON_BLOCKS = YES;
				GCC_OPTIMIZATION_LEVEL = 0;
				GCC_PREPROCESSOR_DEFINITIONS = (
					"DEBUG=1",
					"$(inherited)",
				);
				GCC_WARN_64_TO_32_BIT_CONVERSION = YES;
				GCC_WARN_ABOUT_RETURN_TYPE = YES_ERROR;
				GCC_WARN_UNDECLARED_SELECTOR = YES;
				GCC_WARN_UNINITIALIZED_AUTOS = YES_AGGRESSIVE;
				GCC_WARN_UNUSED_FUNCTION = YES;
				GCC_WARN_UNUSED_VARIABLE = YES;
				IPHONEOS_DEPLOYMENT_TARGET = 17.0;
				LOCALIZATION_PREFERS_STRING_CATALOGS = YES;
				MTL_ENABLE_DEBUG_INFO = INCLUDE_SOURCE;
				MTL_FAST_MATH = YES;
				ONLY_ACTIVE_ARCH = YES;
				SDKROOT = iphoneos;
				SWIFT_ACTIVE_COMPILATION_CONDITIONS = "DEBUG $(inherited)";
				SWIFT_OPTIMIZATION_LEVEL = "-Onone";
			};
			name = Debug;
		};
		6283EE332AF2FD0500A8A5C2 /* Release */ = {
			isa = XCBuildConfiguration;
			buildSettings = {
				ALWAYS_SEARCH_USER_PATHS = NO;
				ASSETCATALOG_COMPILER_GENERATE_SWIFT_ASSET_SYMBOL_EXTENSIONS = YES;
				CLANG_ANALYZER_NONNULL = YES;
				CLANG_ANALYZER_NUMBER_OBJECT_CONVERSION = YES_AGGRESSIVE;
				CLANG_CXX_LANGUAGE_STANDARD = "gnu++20";
				CLANG_ENABLE_MODULES = YES;
				CLANG_ENABLE_OBJC_ARC = YES;
				CLANG_ENABLE_OBJC_WEAK = YES;
				CLANG_WARN_BLOCK_CAPTURE_AUTORELEASING = YES;
				CLANG_WARN_BOOL_CONVERSION = YES;
				CLANG_WARN_COMMA = YES;
				CLANG_WARN_CONSTANT_CONVERSION = YES;
				CLANG_WARN_DEPRECATED_OBJC_IMPLEMENTATIONS = YES;
				CLANG_WARN_DIRECT_OBJC_ISA_USAGE = YES_ERROR;
				CLANG_WARN_DOCUMENTATION_COMMENTS = YES;
				CLANG_WARN_EMPTY_BODY = YES;
				CLANG_WARN_ENUM_CONVERSION = YES;
				CLANG_WARN_INFINITE_RECURSION = YES;
				CLANG_WARN_INT_CONVERSION = YES;
				CLANG_WARN_NON_LITERAL_NULL_CONVERSION = YES;
				CLANG_WARN_OBJC_IMPLICIT_RETAIN_SELF = YES;
				CLANG_WARN_OBJC_LITERAL_CONVERSION = YES;
				CLANG_WARN_OBJC_ROOT_CLASS = YES_ERROR;
				CLANG_WARN_QUOTED_INCLUDE_IN_FRAMEWORK_HEADER = YES;
				CLANG_WARN_RANGE_LOOP_ANALYSIS = YES;
				CLANG_WARN_STRICT_PROTOTYPES = YES;
				CLANG_WARN_SUSPICIOUS_MOVE = YES;
				CLANG_WARN_UNGUARDED_AVAILABILITY = YES_AGGRESSIVE;
				CLANG_WARN_UNREACHABLE_CODE = YES;
				CLANG_WARN__DUPLICATE_METHOD_MATCH = YES;
				COPY_PHASE_STRIP = NO;
				DEBUG_INFORMATION_FORMAT = "dwarf-with-dsym";
				ENABLE_NS_ASSERTIONS = NO;
				ENABLE_STRICT_OBJC_MSGSEND = YES;
				ENABLE_USER_SCRIPT_SANDBOXING = YES;
				GCC_C_LANGUAGE_STANDARD = gnu17;
				GCC_NO_COMMON_BLOCKS = YES;
				GCC_WARN_64_TO_32_BIT_CONVERSION = YES;
				GCC_WARN_ABOUT_RETURN_TYPE = YES_ERROR;
				GCC_WARN_UNDECLARED_SELECTOR = YES;
				GCC_WARN_UNINITIALIZED_AUTOS = YES_AGGRESSIVE;
				GCC_WARN_UNUSED_FUNCTION = YES;
				GCC_WARN_UNUSED_VARIABLE = YES;
				IPHONEOS_DEPLOYMENT_TARGET = 17.0;
				LOCALIZATION_PREFERS_STRING_CATALOGS = YES;
				MTL_ENABLE_DEBUG_INFO = NO;
				MTL_FAST_MATH = YES;
				SDKROOT = iphoneos;
				SWIFT_COMPILATION_MODE = wholemodule;
				VALIDATE_PRODUCT = YES;
			};
			name = Release;
		};
		6283EE352AF2FD0500A8A5C2 /* Debug */ = {
			isa = XCBuildConfiguration;
			buildSettings = {
				ASSETCATALOG_COMPILER_APPICON_NAME = AppIcon;
				ASSETCATALOG_COMPILER_GLOBAL_ACCENT_COLOR_NAME = AccentColor;
				CODE_SIGN_STYLE = Automatic;
				CURRENT_PROJECT_VERSION = 1;
				DEVELOPMENT_TEAM = W2HCKKQTYD;
				GENERATE_INFOPLIST_FILE = YES;
				INFOPLIST_FILE = RealmDB/Application/Info.plist;
				INFOPLIST_KEY_UIApplicationSupportsIndirectInputEvents = YES;
				INFOPLIST_KEY_UILaunchStoryboardName = LaunchScreen;
				INFOPLIST_KEY_UIMainStoryboardFile = Main;
				INFOPLIST_KEY_UISupportedInterfaceOrientations_iPad = "UIInterfaceOrientationPortrait UIInterfaceOrientationPortraitUpsideDown UIInterfaceOrientationLandscapeLeft UIInterfaceOrientationLandscapeRight";
				INFOPLIST_KEY_UISupportedInterfaceOrientations_iPhone = "UIInterfaceOrientationPortrait UIInterfaceOrientationLandscapeLeft UIInterfaceOrientationLandscapeRight";
				LD_RUNPATH_SEARCH_PATHS = (
					"$(inherited)",
					"@executable_path/Frameworks",
				);
				MARKETING_VERSION = 1.0;
				PRODUCT_BUNDLE_IDENTIFIER = "by.tms-HW.RealmDB";
				PRODUCT_NAME = "$(TARGET_NAME)";
				SWIFT_EMIT_LOC_STRINGS = YES;
				SWIFT_VERSION = 5.0;
				TARGETED_DEVICE_FAMILY = "1,2";
			};
			name = Debug;
		};
		6283EE362AF2FD0500A8A5C2 /* Release */ = {
			isa = XCBuildConfiguration;
			buildSettings = {
				ASSETCATALOG_COMPILER_APPICON_NAME = AppIcon;
				ASSETCATALOG_COMPILER_GLOBAL_ACCENT_COLOR_NAME = AccentColor;
				CODE_SIGN_STYLE = Automatic;
				CURRENT_PROJECT_VERSION = 1;
				DEVELOPMENT_TEAM = W2HCKKQTYD;
				GENERATE_INFOPLIST_FILE = YES;
				INFOPLIST_FILE = RealmDB/Application/Info.plist;
				INFOPLIST_KEY_UIApplicationSupportsIndirectInputEvents = YES;
				INFOPLIST_KEY_UILaunchStoryboardName = LaunchScreen;
				INFOPLIST_KEY_UIMainStoryboardFile = Main;
				INFOPLIST_KEY_UISupportedInterfaceOrientations_iPad = "UIInterfaceOrientationPortrait UIInterfaceOrientationPortraitUpsideDown UIInterfaceOrientationLandscapeLeft UIInterfaceOrientationLandscapeRight";
				INFOPLIST_KEY_UISupportedInterfaceOrientations_iPhone = "UIInterfaceOrientationPortrait UIInterfaceOrientationLandscapeLeft UIInterfaceOrientationLandscapeRight";
				LD_RUNPATH_SEARCH_PATHS = (
					"$(inherited)",
					"@executable_path/Frameworks",
				);
				MARKETING_VERSION = 1.0;
				PRODUCT_BUNDLE_IDENTIFIER = "by.tms-HW.RealmDB";
				PRODUCT_NAME = "$(TARGET_NAME)";
				SWIFT_EMIT_LOC_STRINGS = YES;
				SWIFT_VERSION = 5.0;
				TARGETED_DEVICE_FAMILY = "1,2";
			};
			name = Release;
		};
/* End XCBuildConfiguration section */

/* Begin XCConfigurationList section */
		6283EE1B2AF2FCF200A8A5C2 /* Build configuration list for PBXProject "RealmDB" */ = {
			isa = XCConfigurationList;
			buildConfigurations = (
				6283EE322AF2FD0500A8A5C2 /* Debug */,
				6283EE332AF2FD0500A8A5C2 /* Release */,
			);
			defaultConfigurationIsVisible = 0;
			defaultConfigurationName = Release;
		};
		6283EE342AF2FD0500A8A5C2 /* Build configuration list for PBXNativeTarget "RealmDB" */ = {
			isa = XCConfigurationList;
			buildConfigurations = (
				6283EE352AF2FD0500A8A5C2 /* Debug */,
				6283EE362AF2FD0500A8A5C2 /* Release */,
			);
			defaultConfigurationIsVisible = 0;
			defaultConfigurationName = Release;
		};
/* End XCConfigurationList section */

/* Begin XCRemoteSwiftPackageReference section */
		6283EE4B2AF3011800A8A5C2 /* XCRemoteSwiftPackageReference "realm-swift" */ = {
			isa = XCRemoteSwiftPackageReference;
			repositoryURL = "https://github.com/realm/realm-swift.git";
			requirement = {
				kind = upToNextMajorVersion;
				minimumVersion = 10.44.0;
			};
		};
/* End XCRemoteSwiftPackageReference section */

/* Begin XCSwiftPackageProductDependency section */
		6283EE4C2AF3011800A8A5C2 /* Realm */ = {
			isa = XCSwiftPackageProductDependency;
			package = 6283EE4B2AF3011800A8A5C2 /* XCRemoteSwiftPackageReference "realm-swift" */;
			productName = Realm;
		};
		6283EE4E2AF3011800A8A5C2 /* RealmSwift */ = {
			isa = XCSwiftPackageProductDependency;
			package = 6283EE4B2AF3011800A8A5C2 /* XCRemoteSwiftPackageReference "realm-swift" */;
			productName = RealmSwift;
		};
/* End XCSwiftPackageProductDependency section */
	};
	rootObject = 6283EE182AF2FCF200A8A5C2 /* Project object */;
}
